
Microsoft Visual Studio Solution File, Format Version 12.00
# Visual Studio Version 17
VisualStudioVersion = 17.9.34728.123
MinimumVisualStudioVersion = 10.0.40219.1
Project("{9A19103F-16F7-4668-BE54-9A1E7A4F7556}") = "AuthTL", "AuthTL.csproj", "{B62E65D6-DF0C-4497-AF71-8E0BE7F3619A}"
EndProject
Global
	GlobalSection(SolutionConfigurationPlatforms) = preSolution
		Debug|Any CPU = Debug|Any CPU
		Release|Any CPU = Release|Any CPU
	EndGlobalSection
	GlobalSection(ProjectConfigurationPlatforms) = postSolution
		{B62E65D6-DF0C-4497-AF71-8E0BE7F3619A}.Debug|Any CPU.ActiveCfg = Debug|Any CPU
		{B62E65D6-DF0C-4497-AF71-8E0BE7F3619A}.Debug|Any CPU.Build.0 = Debug|Any CPU
		{B62E65D6-DF0C-4497-AF71-8E0BE7F3619A}.Release|Any CPU.ActiveCfg = Release|Any CPU
		{B62E65D6-DF0C-4497-AF71-8E0BE7F3619A}.Release|Any CPU.Build.0 = Release|Any CPU
	EndGlobalSection
	GlobalSection(SolutionProperties) = preSolution
		HideSolutionNode = FALSE
	EndGlobalSection
	GlobalSection(ExtensibilityGlobals) = postSolution
		SolutionGuid = {A8DCC546-6C30-4C46-80B4-308B1DFC10FA}
	EndGlobalSection
EndGlobal
